
Microsoft Visual Studio Solution File, Format Version 12.00
# Visual Studio Version 17
VisualStudioVersion = 17.7.34018.315
MinimumVisualStudioVersion = 10.0.40219.1
Project("{9A19103F-16F7-4668-BE54-9A1E7A4F7556}") = "Devices.Fem", "Devices.Fem\Devices.Fem.csproj", "{047C9F67-C77C-4A5A-BC3E-874FCC68613F}"
EndProject
Global
	GlobalSection(SolutionConfigurationPlatforms) = preSolution
		Debug|Any CPU = Debug|Any CPU
		Release|Any CPU = Release|Any CPU
	EndGlobalSection
	GlobalSection(ProjectConfigurationPlatforms) = postSolution
		{047C9F67-C77C-4A5A-BC3E-874FCC68613F}.Debug|Any CPU.ActiveCfg = Debug|Any CPU
		{047C9F67-C77C-4A5A-BC3E-874FCC68613F}.Debug|Any CPU.Build.0 = Debug|Any CPU
		{047C9F67-C77C-4A5A-BC3E-874FCC68613F}.Release|Any CPU.ActiveCfg = Release|Any CPU
		{047C9F67-C77C-4A5A-BC3E-874FCC68613F}.Release|Any CPU.Build.0 = Release|Any CPU
	EndGlobalSection
	GlobalSection(SolutionProperties) = preSolution
		HideSolutionNode = FALSE
	EndGlobalSection
	GlobalSection(ExtensibilityGlobals) = postSolution
		SolutionGuid = {4F76DF68-4FA6-41F7-83E7-F1174EEC6CB2}
	EndGlobalSection
EndGlobal
